
Microsoft Visual Studio Solution File, Format Version 12.00
# Visual Studio 14
VisualStudioVersion = 14.0.23107.0
MinimumVisualStudioVersion = 10.0.40219.1
Project("{FAE04EC0-301F-11D3-BF4B-00C04F79EFBC}") = "JobTraining", "JobTraining\JobTraining.csproj", "{AB25AAC6-DBF4-42F2-9C44-E967B96F464D}"
EndProject
Project("{FAE04EC0-301F-11D3-BF4B-00C04F79EFBC}") = "Tests", "Tests\Tests.csproj", "{CBE477E8-6549-444F-B740-C4ED659DC4FE}"
EndProject
Global
	GlobalSection(SolutionConfigurationPlatforms) = preSolution
		Debug|Any CPU = Debug|Any CPU
		Release|Any CPU = Release|Any CPU
	EndGlobalSection
	GlobalSection(ProjectConfigurationPlatforms) = postSolution
		{AB25AAC6-DBF4-42F2-9C44-E967B96F464D}.Debug|Any CPU.ActiveCfg = Debug|Any CPU
		{AB25AAC6-DBF4-42F2-9C44-E967B96F464D}.Debug|Any CPU.Build.0 = Debug|Any CPU
		{AB25AAC6-DBF4-42F2-9C44-E967B96F464D}.Release|Any CPU.ActiveCfg = Release|Any CPU
		{AB25AAC6-DBF4-42F2-9C44-E967B96F464D}.Release|Any CPU.Build.0 = Release|Any CPU
		{CBE477E8-6549-444F-B740-C4ED659DC4FE}.Debug|Any CPU.ActiveCfg = Debug|Any CPU
		{CBE477E8-6549-444F-B740-C4ED659DC4FE}.Debug|Any CPU.Build.0 = Debug|Any CPU
		{CBE477E8-6549-444F-B740-C4ED659DC4FE}.Release|Any CPU.ActiveCfg = Release|Any CPU
		{CBE477E8-6549-444F-B740-C4ED659DC4FE}.Release|Any CPU.Build.0 = Release|Any CPU
	EndGlobalSection
	GlobalSection(SolutionProperties) = preSolution
		HideSolutionNode = FALSE
	EndGlobalSection
EndGlobal
